// !$*UTF8*$!
{
	archiveVersion = 1;
	classes = {
	};
	objectVersion = 50;
	objects = {

/* Begin PBXBuildFile section */
		85300E4E268C482600290DF4 /* MainVC.swift in Sources */ = {isa = PBXBuildFile; fileRef = 85300E4D268C482600290DF4 /* MainVC.swift */; };
		85300E51268C485700290DF4 /* FavoritesVC.swift in Sources */ = {isa = PBXBuildFile; fileRef = 85300E50268C485700290DF4 /* FavoritesVC.swift */; };
		85681B65268C42B300BDA601 /* AppDelegate.swift in Sources */ = {isa = PBXBuildFile; fileRef = 85681B64268C42B300BDA601 /* AppDelegate.swift */; };
		85681B67268C42B300BDA601 /* SceneDelegate.swift in Sources */ = {isa = PBXBuildFile; fileRef = 85681B66268C42B300BDA601 /* SceneDelegate.swift */; };
		85681B69268C42B300BDA601 /* ViewController.swift in Sources */ = {isa = PBXBuildFile; fileRef = 85681B68268C42B300BDA601 /* ViewController.swift */; };
		85681B6C268C42B300BDA601 /* Main.storyboard in Resources */ = {isa = PBXBuildFile; fileRef = 85681B6A268C42B300BDA601 /* Main.storyboard */; };
		85681B6E268C42B300BDA601 /* Assets.xcassets in Resources */ = {isa = PBXBuildFile; fileRef = 85681B6D268C42B300BDA601 /* Assets.xcassets */; };
		85681B71268C42B300BDA601 /* LaunchScreen.storyboard in Resources */ = {isa = PBXBuildFile; fileRef = 85681B6F268C42B300BDA601 /* LaunchScreen.storyboard */; };
/* End PBXBuildFile section */

/* Begin PBXFileReference section */
		85300E4D268C482600290DF4 /* MainVC.swift */ = {isa = PBXFileReference; lastKnownFileType = sourcecode.swift; path = MainVC.swift; sourceTree = "<group>"; };
		85300E50268C485700290DF4 /* FavoritesVC.swift */ = {isa = PBXFileReference; lastKnownFileType = sourcecode.swift; path = FavoritesVC.swift; sourceTree = "<group>"; };
		85681B61268C42B300BDA601 /* 824be49b0a23e4664b6156f82ee8ab81.app */ = {isa = PBXFileReference; explicitFileType = wrapper.application; includeInIndex = 0; path = 824be49b0a23e4664b6156f82ee8ab81.app; sourceTree = BUILT_PRODUCTS_DIR; };
		85681B64268C42B300BDA601 /* AppDelegate.swift */ = {isa = PBXFileReference; lastKnownFileType = sourcecode.swift; path = AppDelegate.swift; sourceTree = "<group>"; };
		85681B66268C42B300BDA601 /* SceneDelegate.swift */ = {isa = PBXFileReference; lastKnownFileType = sourcecode.swift; path = SceneDelegate.swift; sourceTree = "<group>"; };
		85681B68268C42B300BDA601 /* ViewController.swift */ = {isa = PBXFileReference; lastKnownFileType = sourcecode.swift; path = ViewController.swift; sourceTree = "<group>"; };
		85681B6B268C42B300BDA601 /* Base */ = {isa = PBXFileReference; lastKnownFileType = file.storyboard; name = Base; path = Base.lproj/Main.storyboard; sourceTree = "<group>"; };
		85681B6D268C42B300BDA601 /* Assets.xcassets */ = {isa = PBXFileReference; lastKnownFileType = folder.assetcatalog; path = Assets.xcassets; sourceTree = "<group>"; };
		85681B70268C42B300BDA601 /* Base */ = {isa = PBXFileReference; lastKnownFileType = file.storyboard; name = Base; path = Base.lproj/LaunchScreen.storyboard; sourceTree = "<group>"; };
		85681B72268C42B300BDA601 /* Info.plist */ = {isa = PBXFileReference; lastKnownFileType = text.plist.xml; path = Info.plist; sourceTree = "<group>"; };
/* End PBXFileReference section */

/* Begin PBXFrameworksBuildPhase section */
		85681B5E268C42B300BDA601 /* Frameworks */ = {
			isa = PBXFrameworksBuildPhase;
			buildActionMask = 2147483647;
			files = (
			);
			runOnlyForDeploymentPostprocessing = 0;
		};
/* End PBXFrameworksBuildPhase section */

/* Begin PBXGroup section */
		85300E46268C473300290DF4 /* Controller */ = {
			isa = PBXGroup;
			children = (
				85681B68268C42B300BDA601 /* ViewController.swift */,
				85300E4D268C482600290DF4 /* MainVC.swift */,
				85300E50268C485700290DF4 /* FavoritesVC.swift */,
			);
			path = Controller;
			sourceTree = "<group>";
		};
		85300E47268C473900290DF4 /* Models */ = {
			isa = PBXGroup;
			children = (
			);
			path = Models;
			sourceTree = "<group>";
		};
		85300E48268C474C00290DF4 /* ReuseableViews */ = {
			isa = PBXGroup;
			children = (
			);
			path = ReuseableViews;
			sourceTree = "<group>";
		};
		85681B58268C42B300BDA601 = {
			isa = PBXGroup;
			children = (
				85681B63268C42B300BDA601 /* 824be49b0a23e4664b6156f82ee8ab81 */,
				85681B62268C42B300BDA601 /* Products */,
			);
			sourceTree = "<group>";
		};
		85681B62268C42B300BDA601 /* Products */ = {
			isa = PBXGroup;
			children = (
				85681B61268C42B300BDA601 /* 824be49b0a23e4664b6156f82ee8ab81.app */,
			);
			name = Products;
			sourceTree = "<group>";
		};
		85681B63268C42B300BDA601 /* 824be49b0a23e4664b6156f82ee8ab81 */ = {
			isa = PBXGroup;
			children = (
				85300E46268C473300290DF4 /* Controller */,
				85300E47268C473900290DF4 /* Models */,
				85300E48268C474C00290DF4 /* ReuseableViews */,
				85681B64268C42B300BDA601 /* AppDelegate.swift */,
				85681B66268C42B300BDA601 /* SceneDelegate.swift */,
				85681B6A268C42B300BDA601 /* Main.storyboard */,
				85681B6D268C42B300BDA601 /* Assets.xcassets */,
				85681B6F268C42B300BDA601 /* LaunchScreen.storyboard */,
				85681B72268C42B300BDA601 /* Info.plist */,
			);
			path = 824be49b0a23e4664b6156f82ee8ab81;
			sourceTree = "<group>";
		};
/* End PBXGroup section */

/* Begin PBXNativeTarget section */
		85681B60268C42B300BDA601 /* 824be49b0a23e4664b6156f82ee8ab81 */ = {
			isa = PBXNativeTarget;
			buildConfigurationList = 85681B75268C42B300BDA601 /* Build configuration list for PBXNativeTarget "824be49b0a23e4664b6156f82ee8ab81" */;
			buildPhases = (
				85681B5D268C42B300BDA601 /* Sources */,
				85681B5E268C42B300BDA601 /* Frameworks */,
				85681B5F268C42B300BDA601 /* Resources */,
			);
			buildRules = (
			);
			dependencies = (
			);
			name = 824be49b0a23e4664b6156f82ee8ab81;
			productName = 824be49b0a23e4664b6156f82ee8ab81;
			productReference = 85681B61268C42B300BDA601 /* 824be49b0a23e4664b6156f82ee8ab81.app */;
			productType = "com.apple.product-type.application";
		};
/* End PBXNativeTarget section */

/* Begin PBXProject section */
		85681B59268C42B300BDA601 /* Project object */ = {
			isa = PBXProject;
			attributes = {
				LastSwiftUpdateCheck = 1230;
				LastUpgradeCheck = 1230;
				TargetAttributes = {
					85681B60268C42B300BDA601 = {
						CreatedOnToolsVersion = 12.3;
					};
				};
			};
			buildConfigurationList = 85681B5C268C42B300BDA601 /* Build configuration list for PBXProject "824be49b0a23e4664b6156f82ee8ab81" */;
			compatibilityVersion = "Xcode 9.3";
			developmentRegion = en;
			hasScannedForEncodings = 0;
			knownRegions = (
				en,
				Base,
			);
			mainGroup = 85681B58268C42B300BDA601;
			productRefGroup = 85681B62268C42B300BDA601 /* Products */;
			projectDirPath = "";
			projectRoot = "";
			targets = (
				85681B60268C42B300BDA601 /* 824be49b0a23e4664b6156f82ee8ab81 */,
			);
		};
/* End PBXProject section */

/* Begin PBXResourcesBuildPhase section */
		85681B5F268C42B300BDA601 /* Resources */ = {
			isa = PBXResourcesBuildPhase;
			buildActionMask = 2147483647;
			files = (
				85681B71268C42B300BDA601 /* LaunchScreen.storyboard in Resources */,
				85681B6E268C42B300BDA601 /* Assets.xcassets in Resources */,
				85681B6C268C42B300BDA601 /* Main.storyboard in Resources */,
			);
			runOnlyForDeploymentPostprocessing = 0;
		};
/* End PBXResourcesBuildPhase section */

/* Begin PBXSourcesBuildPhase section */
		85681B5D268C42B300BDA601 /* Sources */ = {
			isa = PBXSourcesBuildPhase;
			buildActionMask = 2147483647;
			files = (
				85300E51268C485700290DF4 /* FavoritesVC.swift in Sources */,
				85681B69268C42B300BDA601 /* ViewController.swift in Sources */,
				85300E4E268C482600290DF4 /* MainVC.swift in Sources */,
				85681B65268C42B300BDA601 /* AppDelegate.swift in Sources */,
				85681B67268C42B300BDA601 /* SceneDelegate.swift in Sources */,
			);
			runOnlyForDeploymentPostprocessing = 0;
		};
/* End PBXSourcesBuildPhase section */

/* Begin PBXVariantGroup section */
		85681B6A268C42B300BDA601 /* Main.storyboard */ = {
			isa = PBXVariantGroup;
			children = (
				85681B6B268C42B300BDA601 /* Base */,
			);
			name = Main.storyboard;
			sourceTree = "<group>";
		};
		85681B6F268C42B300BDA601 /* LaunchScreen.storyboard */ = {
			isa = PBXVariantGroup;
			children = (
				85681B70268C42B300BDA601 /* Base */,
			);
			name = LaunchScreen.storyboard;
			sourceTree = "<group>";
		};
/* End PBXVariantGroup section */

/* Begin XCBuildConfiguration section */
		85681B73268C42B300BDA601 /* Debug */ = {
			isa = XCBuildConfiguration;
			buildSettings = {
				ALWAYS_SEARCH_USER_PATHS = NO;
				CLANG_ANALYZER_NONNULL = YES;
				CLANG_ANALYZER_NUMBER_OBJECT_CONVERSION = YES_AGGRESSIVE;
				CLANG_CXX_LANGUAGE_STANDARD = "gnu++14";
				CLANG_CXX_LIBRARY = "libc++";
				CLANG_ENABLE_MODULES = YES;
				CLANG_ENABLE_OBJC_ARC = YES;
				CLANG_ENABLE_OBJC_WEAK = YES;
				CLANG_WARN_BLOCK_CAPTURE_AUTORELEASING = YES;
				CLANG_WARN_BOOL_CONVERSION = YES;
				CLANG_WARN_COMMA = YES;
				CLANG_WARN_CONSTANT_CONVERSION = YES;
				CLANG_WARN_DEPRECATED_OBJC_IMPLEMENTATIONS = YES;
				CLANG_WARN_DIRECT_OBJC_ISA_USAGE = YES_ERROR;
				CLANG_WARN_DOCUMENTATION_COMMENTS = YES;
				CLANG_WARN_EMPTY_BODY = YES;
				CLANG_WARN_ENUM_CONVERSION = YES;
				CLANG_WARN_INFINITE_RECURSION = YES;
				CLANG_WARN_INT_CONVERSION = YES;
				CLANG_WARN_NON_LITERAL_NULL_CONVERSION = YES;
				CLANG_WARN_OBJC_IMPLICIT_RETAIN_SELF = YES;
				CLANG_WARN_OBJC_LITERAL_CONVERSION = YES;
				CLANG_WARN_OBJC_ROOT_CLASS = YES_ERROR;
				CLANG_WARN_QUOTED_INCLUDE_IN_FRAMEWORK_HEADER = YES;
				CLANG_WARN_RANGE_LOOP_ANALYSIS = YES;
				CLANG_WARN_STRICT_PROTOTYPES = YES;
				CLANG_WARN_SUSPICIOUS_MOVE = YES;
				CLANG_WARN_UNGUARDED_AVAILABILITY = YES_AGGRESSIVE;
				CLANG_WARN_UNREACHABLE_CODE = YES;
				CLANG_WARN__DUPLICATE_METHOD_MATCH = YES;
				COPY_PHASE_STRIP = NO;
				DEBUG_INFORMATION_FORMAT = dwarf;
				ENABLE_STRICT_OBJC_MSGSEND = YES;
				ENABLE_TESTABILITY = YES;
				GCC_C_LANGUAGE_STANDARD = gnu11;
				GCC_DYNAMIC_NO_PIC = NO;
				GCC_NO_COMMON_BLOCKS = YES;
				GCC_OPTIMIZATION_LEVEL = 0;
				GCC_PREPROCESSOR_DEFINITIONS = (
					"DEBUG=1",
					"$(inherited)",
				);
				GCC_WARN_64_TO_32_BIT_CONVERSION = YES;
				GCC_WARN_ABOUT_RETURN_TYPE = YES_ERROR;
				GCC_WARN_UNDECLARED_SELECTOR = YES;
				GCC_WARN_UNINITIALIZED_AUTOS = YES_AGGRESSIVE;
				GCC_WARN_UNUSED_FUNCTION = YES;
				GCC_WARN_UNUSED_VARIABLE = YES;
				IPHONEOS_DEPLOYMENT_TARGET = 14.3;
				MTL_ENABLE_DEBUG_INFO = INCLUDE_SOURCE;
				MTL_FAST_MATH = YES;
				ONLY_ACTIVE_ARCH = YES;
				SDKROOT = iphoneos;
				SWIFT_ACTIVE_COMPILATION_CONDITIONS = DEBUG;
				SWIFT_OPTIMIZATION_LEVEL = "-Onone";
			};
			name = Debug;
		};
		85681B74268C42B300BDA601 /* Release */ = {
			isa = XCBuildConfiguration;
			buildSettings = {
				ALWAYS_SEARCH_USER_PATHS = NO;
				CLANG_ANALYZER_NONNULL = YES;
				CLANG_ANALYZER_NUMBER_OBJECT_CONVERSION = YES_AGGRESSIVE;
				CLANG_CXX_LANGUAGE_STANDARD = "gnu++14";
				CLANG_CXX_LIBRARY = "libc++";
				CLANG_ENABLE_MODULES = YES;
				CLANG_ENABLE_OBJC_ARC = YES;
				CLANG_ENABLE_OBJC_WEAK = YES;
				CLANG_WARN_BLOCK_CAPTURE_AUTORELEASING = YES;
				CLANG_WARN_BOOL_CONVERSION = YES;
				CLANG_WARN_COMMA = YES;
				CLANG_WARN_CONSTANT_CONVERSION = YES;
				CLANG_WARN_DEPRECATED_OBJC_IMPLEMENTATIONS = YES;
				CLANG_WARN_DIRECT_OBJC_ISA_USAGE = YES_ERROR;
				CLANG_WARN_DOCUMENTATION_COMMENTS = YES;
				CLANG_WARN_EMPTY_BODY = YES;
				CLANG_WARN_ENUM_CONVERSION = YES;
				CLANG_WARN_INFINITE_RECURSION = YES;
				CLANG_WARN_INT_CONVERSION = YES;
				CLANG_WARN_NON_LITERAL_NULL_CONVERSION = YES;
				CLANG_WARN_OBJC_IMPLICIT_RETAIN_SELF = YES;
				CLANG_WARN_OBJC_LITERAL_CONVERSION = YES;
				CLANG_WARN_OBJC_ROOT_CLASS = YES_ERROR;
				CLANG_WARN_QUOTED_INCLUDE_IN_FRAMEWORK_HEADER = YES;
				CLANG_WARN_RANGE_LOOP_ANALYSIS = YES;
				CLANG_WARN_STRICT_PROTOTYPES = YES;
				CLANG_WARN_SUSPICIOUS_MOVE = YES;
				CLANG_WARN_UNGUARDED_AVAILABILITY = YES_AGGRESSIVE;
				CLANG_WARN_UNREACHABLE_CODE = YES;
				CLANG_WARN__DUPLICATE_METHOD_MATCH = YES;
				COPY_PHASE_STRIP = NO;
				DEBUG_INFORMATION_FORMAT = "dwarf-with-dsym";
				ENABLE_NS_ASSERTIONS = NO;
				ENABLE_STRICT_OBJC_MSGSEND = YES;
				GCC_C_LANGUAGE_STANDARD = gnu11;
				GCC_NO_COMMON_BLOCKS = YES;
				GCC_WARN_64_TO_32_BIT_CONVERSION = YES;
				GCC_WARN_ABOUT_RETURN_TYPE = YES_ERROR;
				GCC_WARN_UNDECLARED_SELECTOR = YES;
				GCC_WARN_UNINITIALIZED_AUTOS = YES_AGGRESSIVE;
				GCC_WARN_UNUSED_FUNCTION = YES;
				GCC_WARN_UNUSED_VARIABLE = YES;
				IPHONEOS_DEPLOYMENT_TARGET = 14.3;
				MTL_ENABLE_DEBUG_INFO = NO;
				MTL_FAST_MATH = YES;
				SDKROOT = iphoneos;
				SWIFT_COMPILATION_MODE = wholemodule;
				SWIFT_OPTIMIZATION_LEVEL = "-O";
				VALIDATE_PRODUCT = YES;
			};
			name = Release;
		};
		85681B76268C42B300BDA601 /* Debug */ = {
			isa = XCBuildConfiguration;
			buildSettings = {
				ASSETCATALOG_COMPILER_APPICON_NAME = AppIcon;
				ASSETCATALOG_COMPILER_GLOBAL_ACCENT_COLOR_NAME = AccentColor;
				CODE_SIGN_STYLE = Automatic;
				DEVELOPMENT_TEAM = 9B6AFN73DR;
				INFOPLIST_FILE = 824be49b0a23e4664b6156f82ee8ab81/Info.plist;
				IPHONEOS_DEPLOYMENT_TARGET = 10.0;
				LD_RUNPATH_SEARCH_PATHS = (
					"$(inherited)",
					"@executable_path/Frameworks",
				);
				PRODUCT_BUNDLE_IDENTIFIER = "com.-24be49b0a23e4664b6156f82ee8ab81";
				PRODUCT_NAME = "$(TARGET_NAME)";
				SWIFT_VERSION = 5.0;
				TARGETED_DEVICE_FAMILY = 1;
			};
			name = Debug;
		};
		85681B77268C42B300BDA601 /* Release */ = {
			isa = XCBuildConfiguration;
			buildSettings = {
				ASSETCATALOG_COMPILER_APPICON_NAME = AppIcon;
				ASSETCATALOG_COMPILER_GLOBAL_ACCENT_COLOR_NAME = AccentColor;
				CODE_SIGN_STYLE = Automatic;
				DEVELOPMENT_TEAM = 9B6AFN73DR;
				INFOPLIST_FILE = 824be49b0a23e4664b6156f82ee8ab81/Info.plist;
				IPHONEOS_DEPLOYMENT_TARGET = 10.0;
				LD_RUNPATH_SEARCH_PATHS = (
					"$(inherited)",
					"@executable_path/Frameworks",
				);
				PRODUCT_BUNDLE_IDENTIFIER = "com.-24be49b0a23e4664b6156f82ee8ab81";
				PRODUCT_NAME = "$(TARGET_NAME)";
				SWIFT_VERSION = 5.0;
				TARGETED_DEVICE_FAMILY = 1;
			};
			name = Release;
		};
/* End XCBuildConfiguration section */

/* Begin XCConfigurationList section */
		85681B5C268C42B300BDA601 /* Build configuration list for PBXProject "824be49b0a23e4664b6156f82ee8ab81" */ = {
			isa = XCConfigurationList;
			buildConfigurations = (
				85681B73268C42B300BDA601 /* Debug */,
				85681B74268C42B300BDA601 /* Release */,
			);
			defaultConfigurationIsVisible = 0;
			defaultConfigurationName = Release;
		};
		85681B75268C42B300BDA601 /* Build configuration list for PBXNativeTarget "824be49b0a23e4664b6156f82ee8ab81" */ = {
			isa = XCConfigurationList;
			buildConfigurations = (
				85681B76268C42B300BDA601 /* Debug */,
				85681B77268C42B300BDA601 /* Release */,
			);
			defaultConfigurationIsVisible = 0;
			defaultConfigurationName = Release;
		};
/* End XCConfigurationList section */
	};
	rootObject = 85681B59268C42B300BDA601 /* Project object */;
}
